// !$*UTF8*$!
{
	archiveVersion = 1;
	classes = {
	};
	objectVersion = 50;
	objects = {

/* Begin PBXBuildFile section */
		D5CD755322598CBF006DD3CA /* AppDelegate.swift in Sources */ = {isa = PBXBuildFile; fileRef = D5CD755222598CBF006DD3CA /* AppDelegate.swift */; };
		D5CD755522598CBF006DD3CA /* ViewController.swift in Sources */ = {isa = PBXBuildFile; fileRef = D5CD755422598CBF006DD3CA /* ViewController.swift */; };
		D5CD755822598CBF006DD3CA /* Main.storyboard in Resources */ = {isa = PBXBuildFile; fileRef = D5CD755622598CBF006DD3CA /* Main.storyboard */; };
		D5CD755B22598CC3006DD3CA /* Matador.xcdatamodeld in Sources */ = {isa = PBXBuildFile; fileRef = D5CD755922598CC3006DD3CA /* Matador.xcdatamodeld */; };
		D5CD755D22598CC4006DD3CA /* Assets.xcassets in Resources */ = {isa = PBXBuildFile; fileRef = D5CD755C22598CC4006DD3CA /* Assets.xcassets */; };
		D5CD756022598CC4006DD3CA /* LaunchScreen.storyboard in Resources */ = {isa = PBXBuildFile; fileRef = D5CD755E22598CC4006DD3CA /* LaunchScreen.storyboard */; };
/* End PBXBuildFile section */

/* Begin PBXFileReference section */
		D5CD754F22598CBF006DD3CA /* Matador.app */ = {isa = PBXFileReference; explicitFileType = wrapper.application; includeInIndex = 0; path = Matador.app; sourceTree = BUILT_PRODUCTS_DIR; };
		D5CD755222598CBF006DD3CA /* AppDelegate.swift */ = {isa = PBXFileReference; lastKnownFileType = sourcecode.swift; path = AppDelegate.swift; sourceTree = "<group>"; };
		D5CD755422598CBF006DD3CA /* ViewController.swift */ = {isa = PBXFileReference; lastKnownFileType = sourcecode.swift; path = ViewController.swift; sourceTree = "<group>"; };
		D5CD755722598CBF006DD3CA /* Base */ = {isa = PBXFileReference; lastKnownFileType = file.storyboard; name = Base; path = Base.lproj/Main.storyboard; sourceTree = "<group>"; };
		D5CD755A22598CC3006DD3CA /* Matador.xcdatamodel */ = {isa = PBXFileReference; lastKnownFileType = wrapper.xcdatamodel; path = Matador.xcdatamodel; sourceTree = "<group>"; };
		D5CD755C22598CC4006DD3CA /* Assets.xcassets */ = {isa = PBXFileReference; lastKnownFileType = folder.assetcatalog; path = Assets.xcassets; sourceTree = "<group>"; };
		D5CD755F22598CC4006DD3CA /* Base */ = {isa = PBXFileReference; lastKnownFileType = file.storyboard; name = Base; path = Base.lproj/LaunchScreen.storyboard; sourceTree = "<group>"; };
		D5CD756122598CC4006DD3CA /* Info.plist */ = {isa = PBXFileReference; lastKnownFileType = text.plist.xml; path = Info.plist; sourceTree = "<group>"; };
/* End PBXFileReference section */

/* Begin PBXFrameworksBuildPhase section */
		D5CD754C22598CBF006DD3CA /* Frameworks */ = {
			isa = PBXFrameworksBuildPhase;
			buildActionMask = 2147483647;
			files = (
			);
			runOnlyForDeploymentPostprocessing = 0;
		};
/* End PBXFrameworksBuildPhase section */

/* Begin PBXGroup section */
		D5CD754622598CBF006DD3CA = {
			isa = PBXGroup;
			children = (
				D5CD755122598CBF006DD3CA /* Matador */,
				D5CD755022598CBF006DD3CA /* Products */,
			);
			sourceTree = "<group>";
		};
		D5CD755022598CBF006DD3CA /* Products */ = {
			isa = PBXGroup;
			children = (
				D5CD754F22598CBF006DD3CA /* Matador.app */,
			);
			name = Products;
			sourceTree = "<group>";
		};
		D5CD755122598CBF006DD3CA /* Matador */ = {
			isa = PBXGroup;
			children = (
				D5CD755222598CBF006DD3CA /* AppDelegate.swift */,
				D5CD755422598CBF006DD3CA /* ViewController.swift */,
				D5CD755622598CBF006DD3CA /* Main.storyboard */,
				D5CD755C22598CC4006DD3CA /* Assets.xcassets */,
				D5CD755E22598CC4006DD3CA /* LaunchScreen.storyboard */,
				D5CD756122598CC4006DD3CA /* Info.plist */,
				D5CD755922598CC3006DD3CA /* Matador.xcdatamodeld */,
			);
			path = Matador;
			sourceTree = "<group>";
		};
/* End PBXGroup section */

/* Begin PBXNativeTarget section */
		D5CD754E22598CBF006DD3CA /* Matador */ = {
			isa = PBXNativeTarget;
			buildConfigurationList = D5CD756422598CC4006DD3CA /* Build configuration list for PBXNativeTarget "Matador" */;
			buildPhases = (
				D5CD754B22598CBF006DD3CA /* Sources */,
				D5CD754C22598CBF006DD3CA /* Frameworks */,
				D5CD754D22598CBF006DD3CA /* Resources */,
			);
			buildRules = (
			);
			dependencies = (
			);
			name = Matador;
			productName = Matador;
			productReference = D5CD754F22598CBF006DD3CA /* Matador.app */;
			productType = "com.apple.product-type.application";
		};
/* End PBXNativeTarget section */

/* Begin PBXProject section */
		D5CD754722598CBF006DD3CA /* Project object */ = {
			isa = PBXProject;
			attributes = {
				LastSwiftUpdateCheck = 1010;
				LastUpgradeCheck = 1010;
				ORGANIZATIONNAME = "Shashank Venkatramani";
				TargetAttributes = {
					D5CD754E22598CBF006DD3CA = {
						CreatedOnToolsVersion = 10.1;
					};
				};
			};
			buildConfigurationList = D5CD754A22598CBF006DD3CA /* Build configuration list for PBXProject "Matador" */;
			compatibilityVersion = "Xcode 9.3";
			developmentRegion = en;
			hasScannedForEncodings = 0;
			knownRegions = (
				en,
				Base,
			);
			mainGroup = D5CD754622598CBF006DD3CA;
			productRefGroup = D5CD755022598CBF006DD3CA /* Products */;
			projectDirPath = "";
			projectRoot = "";
			targets = (
				D5CD754E22598CBF006DD3CA /* Matador */,
			);
		};
/* End PBXProject section */

/* Begin PBXResourcesBuildPhase section */
		D5CD754D22598CBF006DD3CA /* Resources */ = {
			isa = PBXResourcesBuildPhase;
			buildActionMask = 2147483647;
			files = (
				D5CD756022598CC4006DD3CA /* LaunchScreen.storyboard in Resources */,
				D5CD755D22598CC4006DD3CA /* Assets.xcassets in Resources */,
				D5CD755822598CBF006DD3CA /* Main.storyboard in Resources */,
			);
			runOnlyForDeploymentPostprocessing = 0;
		};
/* End PBXResourcesBuildPhase section */

/* Begin PBXSourcesBuildPhase section */
		D5CD754B22598CBF006DD3CA /* Sources */ = {
			isa = PBXSourcesBuildPhase;
			buildActionMask = 2147483647;
			files = (
				D5CD755B22598CC3006DD3CA /* Matador.xcdatamodeld in Sources */,
				D5CD755522598CBF006DD3CA /* ViewController.swift in Sources */,
				D5CD755322598CBF006DD3CA /* AppDelegate.swift in Sources */,
			);
			runOnlyForDeploymentPostprocessing = 0;
		};
/* End PBXSourcesBuildPhase section */

/* Begin PBXVariantGroup section */
		D5CD755622598CBF006DD3CA /* Main.storyboard */ = {
			isa = PBXVariantGroup;
			children = (
				D5CD755722598CBF006DD3CA /* Base */,
			);
			name = Main.storyboard;
			sourceTree = "<group>";
		};
		D5CD755E22598CC4006DD3CA /* LaunchScreen.storyboard */ = {
			isa = PBXVariantGroup;
			children = (
				D5CD755F22598CC4006DD3CA /* Base */,
			);
			name = LaunchScreen.storyboard;
			sourceTree = "<group>";
		};
/* End PBXVariantGroup section */

/* Begin XCBuildConfiguration section */
		D5CD756222598CC4006DD3CA /* Debug */ = {
			isa = XCBuildConfiguration;
			buildSettings = {
				ALWAYS_SEARCH_USER_PATHS = NO;
				CLANG_ANALYZER_NONNULL = YES;
				CLANG_ANALYZER_NUMBER_OBJECT_CONVERSION = YES_AGGRESSIVE;
				CLANG_CXX_LANGUAGE_STANDARD = "gnu++14";
				CLANG_CXX_LIBRARY = "libc++";
				CLANG_ENABLE_MODULES = YES;
				CLANG_ENABLE_OBJC_ARC = YES;
				CLANG_ENABLE_OBJC_WEAK = YES;
				CLANG_WARN_BLOCK_CAPTURE_AUTORELEASING = YES;
				CLANG_WARN_BOOL_CONVERSION = YES;
				CLANG_WARN_COMMA = YES;
				CLANG_WARN_CONSTANT_CONVERSION = YES;
				CLANG_WARN_DEPRECATED_OBJC_IMPLEMENTATIONS = YES;
				CLANG_WARN_DIRECT_OBJC_ISA_USAGE = YES_ERROR;
				CLANG_WARN_DOCUMENTATION_COMMENTS = YES;
				CLANG_WARN_EMPTY_BODY = YES;
				CLANG_WARN_ENUM_CONVERSION = YES;
				CLANG_WARN_INFINITE_RECURSION = YES;
				CLANG_WARN_INT_CONVERSION = YES;
				CLANG_WARN_NON_LITERAL_NULL_CONVERSION = YES;
				CLANG_WARN_OBJC_IMPLICIT_RETAIN_SELF = YES;
				CLANG_WARN_OBJC_LITERAL_CONVERSION = YES;
				CLANG_WARN_OBJC_ROOT_CLASS = YES_ERROR;
				CLANG_WARN_RANGE_LOOP_ANALYSIS = YES;
				CLANG_WARN_STRICT_PROTOTYPES = YES;
				CLANG_WARN_SUSPICIOUS_MOVE = YES;
				CLANG_WARN_UNGUARDED_AVAILABILITY = YES_AGGRESSIVE;
				CLANG_WARN_UNREACHABLE_CODE = YES;
				CLANG_WARN__DUPLICATE_METHOD_MATCH = YES;
				CODE_SIGN_IDENTITY = "iPhone Developer";
				COPY_PHASE_STRIP = NO;
				DEBUG_INFORMATION_FORMAT = dwarf;
				ENABLE_STRICT_OBJC_MSGSEND = YES;
				ENABLE_TESTABILITY = YES;
				GCC_C_LANGUAGE_STANDARD = gnu11;
				GCC_DYNAMIC_NO_PIC = NO;
				GCC_NO_COMMON_BLOCKS = YES;
				GCC_OPTIMIZATION_LEVEL = 0;
				GCC_PREPROCESSOR_DEFINITIONS = (
					"DEBUG=1",
					"$(inherited)",
				);
				GCC_WARN_64_TO_32_BIT_CONVERSION = YES;
				GCC_WARN_ABOUT_RETURN_TYPE = YES_ERROR;
				GCC_WARN_UNDECLARED_SELECTOR = YES;
				GCC_WARN_UNINITIALIZED_AUTOS = YES_AGGRESSIVE;
				GCC_WARN_UNUSED_FUNCTION = YES;
				GCC_WARN_UNUSED_VARIABLE = YES;
				IPHONEOS_DEPLOYMENT_TARGET = 12.1;
				MTL_ENABLE_DEBUG_INFO = INCLUDE_SOURCE;
				MTL_FAST_MATH = YES;
				ONLY_ACTIVE_ARCH = YES;
				SDKROOT = iphoneos;
				SWIFT_ACTIVE_COMPILATION_CONDITIONS = DEBUG;
				SWIFT_OPTIMIZATION_LEVEL = "-Onone";
			};
			name = Debug;
		};
		D5CD756322598CC4006DD3CA /* Release */ = {
			isa = XCBuildConfiguration;
			buildSettings = {
				ALWAYS_SEARCH_USER_PATHS = NO;
				CLANG_ANALYZER_NONNULL = YES;
				CLANG_ANALYZER_NUMBER_OBJECT_CONVERSION = YES_AGGRESSIVE;
				CLANG_CXX_LANGUAGE_STANDARD = "gnu++14";
				CLANG_CXX_LIBRARY = "libc++";
				CLANG_ENABLE_MODULES = YES;
				CLANG_ENABLE_OBJC_ARC = YES;
				CLANG_ENABLE_OBJC_WEAK = YES;
				CLANG_WARN_BLOCK_CAPTURE_AUTORELEASING = YES;
				CLANG_WARN_BOOL_CONVERSION = YES;
				CLANG_WARN_COMMA = YES;
				CLANG_WARN_CONSTANT_CONVERSION = YES;
				CLANG_WARN_DEPRECATED_OBJC_IMPLEMENTATIONS = YES;
				CLANG_WARN_DIRECT_OBJC_ISA_USAGE = YES_ERROR;
				CLANG_WARN_DOCUMENTATION_COMMENTS = YES;
				CLANG_WARN_EMPTY_BODY = YES;
				CLANG_WARN_ENUM_CONVERSION = YES;
				CLANG_WARN_INFINITE_RECURSION = YES;
				CLANG_WARN_INT_CONVERSION = YES;
				CLANG_WARN_NON_LITERAL_NULL_CONVERSION = YES;
				CLANG_WARN_OBJC_IMPLICIT_RETAIN_SELF = YES;
				CLANG_WARN_OBJC_LITERAL_CONVERSION = YES;
				CLANG_WARN_OBJC_ROOT_CLASS = YES_ERROR;
				CLANG_WARN_RANGE_LOOP_ANALYSIS = YES;
				CLANG_WARN_STRICT_PROTOTYPES = YES;
				CLANG_WARN_SUSPICIOUS_MOVE = YES;
				CLANG_WARN_UNGUARDED_AVAILABILITY = YES_AGGRESSIVE;
				CLANG_WARN_UNREACHABLE_CODE = YES;
				CLANG_WARN__DUPLICATE_METHOD_MATCH = YES;
				CODE_SIGN_IDENTITY = "iPhone Developer";
				COPY_PHASE_STRIP = NO;
				DEBUG_INFORMATION_FORMAT = "dwarf-with-dsym";
				ENABLE_NS_ASSERTIONS = NO;
				ENABLE_STRICT_OBJC_MSGSEND = YES;
				GCC_C_LANGUAGE_STANDARD = gnu11;
				GCC_NO_COMMON_BLOCKS = YES;
				GCC_WARN_64_TO_32_BIT_CONVERSION = YES;
				GCC_WARN_ABOUT_RETURN_TYPE = YES_ERROR;
				GCC_WARN_UNDECLARED_SELECTOR = YES;
				GCC_WARN_UNINITIALIZED_AUTOS = YES_AGGRESSIVE;
				GCC_WARN_UNUSED_FUNCTION = YES;
				GCC_WARN_UNUSED_VARIABLE = YES;
				IPHONEOS_DEPLOYMENT_TARGET = 12.1;
				MTL_ENABLE_DEBUG_INFO = NO;
				MTL_FAST_MATH = YES;
				SDKROOT = iphoneos;
				SWIFT_COMPILATION_MODE = wholemodule;
				SWIFT_OPTIMIZATION_LEVEL = "-O";
				VALIDATE_PRODUCT = YES;
			};
			name = Release;
		};
		D5CD756522598CC4006DD3CA /* Debug */ = {
			isa = XCBuildConfiguration;
			buildSettings = {
				ASSETCATALOG_COMPILER_APPICON_NAME = AppIcon;
				CODE_SIGN_STYLE = Automatic;
				DEVELOPMENT_TEAM = 4R484PGFUQ;
				INFOPLIST_FILE = Matador/Info.plist;
				LD_RUNPATH_SEARCH_PATHS = (
					"$(inherited)",
					"@executable_path/Frameworks",
				);
				PRODUCT_BUNDLE_IDENTIFIER = com.cvenkatramani.Matador;
				PRODUCT_NAME = "$(TARGET_NAME)";
				SWIFT_VERSION = 4.2;
				TARGETED_DEVICE_FAMILY = "1,2";
			};
			name = Debug;
		};
		D5CD756622598CC4006DD3CA /* Release */ = {
			isa = XCBuildConfiguration;
			buildSettings = {
				ASSETCATALOG_COMPILER_APPICON_NAME = AppIcon;
				CODE_SIGN_STYLE = Automatic;
				DEVELOPMENT_TEAM = 4R484PGFUQ;
				INFOPLIST_FILE = Matador/Info.plist;
				LD_RUNPATH_SEARCH_PATHS = (
					"$(inherited)",
					"@executable_path/Frameworks",
				);
				PRODUCT_BUNDLE_IDENTIFIER = com.cvenkatramani.Matador;
				PRODUCT_NAME = "$(TARGET_NAME)";
				SWIFT_VERSION = 4.2;
				TARGETED_DEVICE_FAMILY = "1,2";
			};
			name = Release;
		};
/* End XCBuildConfiguration section */

/* Begin XCConfigurationList section */
		D5CD754A22598CBF006DD3CA /* Build configuration list for PBXProject "Matador" */ = {
			isa = XCConfigurationList;
			buildConfigurations = (
				D5CD756222598CC4006DD3CA /* Debug */,
				D5CD756322598CC4006DD3CA /* Release */,
			);
			defaultConfigurationIsVisible = 0;
			defaultConfigurationName = Release;
		};
		D5CD756422598CC4006DD3CA /* Build configuration list for PBXNativeTarget "Matador" */ = {
			isa = XCConfigurationList;
			buildConfigurations = (
				D5CD756522598CC4006DD3CA /* Debug */,
				D5CD756622598CC4006DD3CA /* Release */,
			);
			defaultConfigurationIsVisible = 0;
			defaultConfigurationName = Release;
		};
/* End XCConfigurationList section */

/* Begin XCVersionGroup section */
		D5CD755922598CC3006DD3CA /* Matador.xcdatamodeld */ = {
			isa = XCVersionGroup;
			children = (
				D5CD755A22598CC3006DD3CA /* Matador.xcdatamodel */,
			);
			currentVersion = D5CD755A22598CC3006DD3CA /* Matador.xcdatamodel */;
			path = Matador.xcdatamodeld;
			sourceTree = "<group>";
			versionGroupType = wrapper.xcdatamodel;
		};
/* End XCVersionGroup section */
	};
	rootObject = D5CD754722598CBF006DD3CA /* Project object */;
}
